
Microsoft Visual Studio Solution File, Format Version 12.00
Project("{FAE04EC0-301F-11D3-BF4B-00C04F79EFBC}") = "ch4_1", "ch4_1\ch4_1.csproj", "{26454D29-CF4A-43BE-A631-2C5C5D7004BB}"
EndProject
Global
	GlobalSection(SolutionConfigurationPlatforms) = preSolution
		Debug|Any CPU = Debug|Any CPU
		Release|Any CPU = Release|Any CPU
	EndGlobalSection
	GlobalSection(ProjectConfigurationPlatforms) = postSolution
		{26454D29-CF4A-43BE-A631-2C5C5D7004BB}.Debug|Any CPU.ActiveCfg = Debug|Any CPU
		{26454D29-CF4A-43BE-A631-2C5C5D7004BB}.Debug|Any CPU.Build.0 = Debug|Any CPU
		{26454D29-CF4A-43BE-A631-2C5C5D7004BB}.Release|Any CPU.ActiveCfg = Release|Any CPU
		{26454D29-CF4A-43BE-A631-2C5C5D7004BB}.Release|Any CPU.Build.0 = Release|Any CPU
	EndGlobalSection
EndGlobal
