
Microsoft Visual Studio Solution File, Format Version 12.00
Project("{FAE04EC0-301F-11D3-BF4B-00C04F79EFBC}") = "ch5_4", "ch5_4\ch5_4.csproj", "{49EB39F6-D097-42FC-948D-FFB8DFE55305}"
EndProject
Global
	GlobalSection(SolutionConfigurationPlatforms) = preSolution
		Debug|Any CPU = Debug|Any CPU
		Release|Any CPU = Release|Any CPU
	EndGlobalSection
	GlobalSection(ProjectConfigurationPlatforms) = postSolution
		{49EB39F6-D097-42FC-948D-FFB8DFE55305}.Debug|Any CPU.ActiveCfg = Debug|Any CPU
		{49EB39F6-D097-42FC-948D-FFB8DFE55305}.Debug|Any CPU.Build.0 = Debug|Any CPU
		{49EB39F6-D097-42FC-948D-FFB8DFE55305}.Release|Any CPU.ActiveCfg = Release|Any CPU
		{49EB39F6-D097-42FC-948D-FFB8DFE55305}.Release|Any CPU.Build.0 = Release|Any CPU
	EndGlobalSection
EndGlobal
