
Microsoft Visual Studio Solution File, Format Version 12.00
Project("{FAE04EC0-301F-11D3-BF4B-00C04F79EFBC}") = "ch3_13", "ch3_13\ch3_13.csproj", "{8196A7D8-F698-48A0-B739-D4FA5C3C239F}"
EndProject
Global
	GlobalSection(SolutionConfigurationPlatforms) = preSolution
		Debug|Any CPU = Debug|Any CPU
		Release|Any CPU = Release|Any CPU
	EndGlobalSection
	GlobalSection(ProjectConfigurationPlatforms) = postSolution
		{8196A7D8-F698-48A0-B739-D4FA5C3C239F}.Debug|Any CPU.ActiveCfg = Debug|Any CPU
		{8196A7D8-F698-48A0-B739-D4FA5C3C239F}.Debug|Any CPU.Build.0 = Debug|Any CPU
		{8196A7D8-F698-48A0-B739-D4FA5C3C239F}.Release|Any CPU.ActiveCfg = Release|Any CPU
		{8196A7D8-F698-48A0-B739-D4FA5C3C239F}.Release|Any CPU.Build.0 = Release|Any CPU
	EndGlobalSection
EndGlobal
