
Microsoft Visual Studio Solution File, Format Version 12.00
Project("{FAE04EC0-301F-11D3-BF4B-00C04F79EFBC}") = "CH3_17", "CH3_17\CH3_17.csproj", "{9448B9FD-04C1-4A67-BE66-88573C225081}"
EndProject
Global
	GlobalSection(SolutionConfigurationPlatforms) = preSolution
		Debug|Any CPU = Debug|Any CPU
		Release|Any CPU = Release|Any CPU
	EndGlobalSection
	GlobalSection(ProjectConfigurationPlatforms) = postSolution
		{9448B9FD-04C1-4A67-BE66-88573C225081}.Debug|Any CPU.ActiveCfg = Debug|Any CPU
		{9448B9FD-04C1-4A67-BE66-88573C225081}.Debug|Any CPU.Build.0 = Debug|Any CPU
		{9448B9FD-04C1-4A67-BE66-88573C225081}.Release|Any CPU.ActiveCfg = Release|Any CPU
		{9448B9FD-04C1-4A67-BE66-88573C225081}.Release|Any CPU.Build.0 = Release|Any CPU
	EndGlobalSection
EndGlobal
