
Microsoft Visual Studio Solution File, Format Version 12.00
Project("{FAE04EC0-301F-11D3-BF4B-00C04F79EFBC}") = "ch3_26", "ch3_26\ch3_26.csproj", "{6CDEE769-C3A2-48BD-90D1-E2EDA2FB11DF}"
EndProject
Global
	GlobalSection(SolutionConfigurationPlatforms) = preSolution
		Debug|Any CPU = Debug|Any CPU
		Release|Any CPU = Release|Any CPU
	EndGlobalSection
	GlobalSection(ProjectConfigurationPlatforms) = postSolution
		{6CDEE769-C3A2-48BD-90D1-E2EDA2FB11DF}.Debug|Any CPU.ActiveCfg = Debug|Any CPU
		{6CDEE769-C3A2-48BD-90D1-E2EDA2FB11DF}.Debug|Any CPU.Build.0 = Debug|Any CPU
		{6CDEE769-C3A2-48BD-90D1-E2EDA2FB11DF}.Release|Any CPU.ActiveCfg = Release|Any CPU
		{6CDEE769-C3A2-48BD-90D1-E2EDA2FB11DF}.Release|Any CPU.Build.0 = Release|Any CPU
	EndGlobalSection
EndGlobal
