
Microsoft Visual Studio Solution File, Format Version 12.00
Project("{FAE04EC0-301F-11D3-BF4B-00C04F79EFBC}") = "ch4_4", "ch4_4\ch4_4.csproj", "{54B69C70-92F6-4830-9A3A-C5EDBF993538}"
EndProject
Global
	GlobalSection(SolutionConfigurationPlatforms) = preSolution
		Debug|Any CPU = Debug|Any CPU
		Release|Any CPU = Release|Any CPU
	EndGlobalSection
	GlobalSection(ProjectConfigurationPlatforms) = postSolution
		{54B69C70-92F6-4830-9A3A-C5EDBF993538}.Debug|Any CPU.ActiveCfg = Debug|Any CPU
		{54B69C70-92F6-4830-9A3A-C5EDBF993538}.Debug|Any CPU.Build.0 = Debug|Any CPU
		{54B69C70-92F6-4830-9A3A-C5EDBF993538}.Release|Any CPU.ActiveCfg = Release|Any CPU
		{54B69C70-92F6-4830-9A3A-C5EDBF993538}.Release|Any CPU.Build.0 = Release|Any CPU
	EndGlobalSection
EndGlobal
