
Microsoft Visual Studio Solution File, Format Version 12.00
Project("{FAE04EC0-301F-11D3-BF4B-00C04F79EFBC}") = "ch4_2", "ch4_2\ch4_2.csproj", "{C46DADC6-1753-48E6-922D-BFC3E789D32F}"
EndProject
Global
	GlobalSection(SolutionConfigurationPlatforms) = preSolution
		Debug|Any CPU = Debug|Any CPU
		Release|Any CPU = Release|Any CPU
	EndGlobalSection
	GlobalSection(ProjectConfigurationPlatforms) = postSolution
		{C46DADC6-1753-48E6-922D-BFC3E789D32F}.Debug|Any CPU.ActiveCfg = Debug|Any CPU
		{C46DADC6-1753-48E6-922D-BFC3E789D32F}.Debug|Any CPU.Build.0 = Debug|Any CPU
		{C46DADC6-1753-48E6-922D-BFC3E789D32F}.Release|Any CPU.ActiveCfg = Release|Any CPU
		{C46DADC6-1753-48E6-922D-BFC3E789D32F}.Release|Any CPU.Build.0 = Release|Any CPU
	EndGlobalSection
EndGlobal
