
Microsoft Visual Studio Solution File, Format Version 12.00
Project("{FAE04EC0-301F-11D3-BF4B-00C04F79EFBC}") = "ex2_1", "ex2_1\ex2_1.csproj", "{90EFE79E-15E1-4E87-B20E-4D8257B897EC}"
EndProject
Global
	GlobalSection(SolutionConfigurationPlatforms) = preSolution
		Debug|Any CPU = Debug|Any CPU
		Release|Any CPU = Release|Any CPU
	EndGlobalSection
	GlobalSection(ProjectConfigurationPlatforms) = postSolution
		{90EFE79E-15E1-4E87-B20E-4D8257B897EC}.Debug|Any CPU.ActiveCfg = Debug|Any CPU
		{90EFE79E-15E1-4E87-B20E-4D8257B897EC}.Debug|Any CPU.Build.0 = Debug|Any CPU
		{90EFE79E-15E1-4E87-B20E-4D8257B897EC}.Release|Any CPU.ActiveCfg = Release|Any CPU
		{90EFE79E-15E1-4E87-B20E-4D8257B897EC}.Release|Any CPU.Build.0 = Release|Any CPU
	EndGlobalSection
EndGlobal
