
Microsoft Visual Studio Solution File, Format Version 12.00
Project("{FAE04EC0-301F-11D3-BF4B-00C04F79EFBC}") = "ch3_10", "ch3_10\ch3_10.csproj", "{F1724EB9-2D18-4FAE-9836-350E70A775C7}"
EndProject
Global
	GlobalSection(SolutionConfigurationPlatforms) = preSolution
		Debug|Any CPU = Debug|Any CPU
		Release|Any CPU = Release|Any CPU
	EndGlobalSection
	GlobalSection(ProjectConfigurationPlatforms) = postSolution
		{F1724EB9-2D18-4FAE-9836-350E70A775C7}.Debug|Any CPU.ActiveCfg = Debug|Any CPU
		{F1724EB9-2D18-4FAE-9836-350E70A775C7}.Debug|Any CPU.Build.0 = Debug|Any CPU
		{F1724EB9-2D18-4FAE-9836-350E70A775C7}.Release|Any CPU.ActiveCfg = Release|Any CPU
		{F1724EB9-2D18-4FAE-9836-350E70A775C7}.Release|Any CPU.Build.0 = Release|Any CPU
	EndGlobalSection
EndGlobal
